
Microsoft Visual Studio Solution File, Format Version 12.00
# Visual Studio Version 17
VisualStudioVersion = 17.7.34024.191
MinimumVisualStudioVersion = 10.0.40219.1
Project("{FAE04EC0-301F-11D3-BF4B-00C04F79EFBC}") = "Bank", "Bank\Bank.csproj", "{A5F4FF96-61A5-45D2-9162-9A25D02D3F39}"
EndProject
Project("{FAE04EC0-301F-11D3-BF4B-00C04F79EFBC}") = "BankTests", "BankTests\BankTests.csproj", "{14379412-40F3-4D97-869A-4D595B7FCB7A}"
EndProject
Global
	GlobalSection(SolutionConfigurationPlatforms) = preSolution
		Debug|Any CPU = Debug|Any CPU
		Release|Any CPU = Release|Any CPU
	EndGlobalSection
	GlobalSection(ProjectConfigurationPlatforms) = postSolution
		{A5F4FF96-61A5-45D2-9162-9A25D02D3F39}.Debug|Any CPU.ActiveCfg = Debug|Any CPU
		{A5F4FF96-61A5-45D2-9162-9A25D02D3F39}.Debug|Any CPU.Build.0 = Debug|Any CPU
		{A5F4FF96-61A5-45D2-9162-9A25D02D3F39}.Release|Any CPU.ActiveCfg = Release|Any CPU
		{A5F4FF96-61A5-45D2-9162-9A25D02D3F39}.Release|Any CPU.Build.0 = Release|Any CPU
		{14379412-40F3-4D97-869A-4D595B7FCB7A}.Debug|Any CPU.ActiveCfg = Debug|Any CPU
		{14379412-40F3-4D97-869A-4D595B7FCB7A}.Debug|Any CPU.Build.0 = Debug|Any CPU
		{14379412-40F3-4D97-869A-4D595B7FCB7A}.Release|Any CPU.ActiveCfg = Release|Any CPU
		{14379412-40F3-4D97-869A-4D595B7FCB7A}.Release|Any CPU.Build.0 = Release|Any CPU
	EndGlobalSection
	GlobalSection(SolutionProperties) = preSolution
		HideSolutionNode = FALSE
	EndGlobalSection
	GlobalSection(ExtensibilityGlobals) = postSolution
		SolutionGuid = {F51E21AB-3119-4BCE-8589-461D49F8058F}
	EndGlobalSection
EndGlobal
